
Microsoft Visual Studio Solution File, Format Version 12.00
# Visual Studio 2012
Project("{8BC9CEB8-8B4A-11D0-8D11-00A0C91BC942}") = "gui", "gui\Gui.vcxproj", "{0315C28D-BC3E-4F48-8A5C-87ABADAE12B2}"
EndProject
Project("{8BC9CEB8-8B4A-11D0-8D11-00A0C91BC942}") = "model", "model\model.vcxproj", "{E82182FF-0BDF-4EFC-9076-C14B96CFE7CC}"
EndProject
Project("{8BC9CEB8-8B4A-11D0-8D11-00A0C91BC942}") = "util", "util\util.vcxproj", "{B103C275-9A17-4A90-9631-5186717AC945}"
EndProject
Project("{8BC9CEB8-8B4A-11D0-8D11-00A0C91BC942}") = "HelpCbb", "HelpCbb\HelpCbb.vcxproj", "{B12702AD-ABFB-343A-A199-8E24837244A3}"
	ProjectSection(ProjectDependencies) = postProject
		{B103C275-9A17-4A90-9631-5186717AC945} = {B103C275-9A17-4A90-9631-5186717AC945}
		{0315C28D-BC3E-4F48-8A5C-87ABADAE12B2} = {0315C28D-BC3E-4F48-8A5C-87ABADAE12B2}
		{E82182FF-0BDF-4EFC-9076-C14B96CFE7CC} = {E82182FF-0BDF-4EFC-9076-C14B96CFE7CC}
	EndProjectSection
EndProject
Global
	GlobalSection(SolutionConfigurationPlatforms) = preSolution
		Debug|Mixed Platforms = Debug|Mixed Platforms
		Debug|Win32 = Debug|Win32
		Debug|x64 = Debug|x64
		Release|Mixed Platforms = Release|Mixed Platforms
		Release|Win32 = Release|Win32
		Release|x64 = Release|x64
	EndGlobalSection
	GlobalSection(ProjectConfigurationPlatforms) = postSolution
		{0315C28D-BC3E-4F48-8A5C-87ABADAE12B2}.Debug|Mixed Platforms.ActiveCfg = Release|x64
		{0315C28D-BC3E-4F48-8A5C-87ABADAE12B2}.Debug|Mixed Platforms.Build.0 = Release|x64
		{0315C28D-BC3E-4F48-8A5C-87ABADAE12B2}.Debug|Win32.ActiveCfg = Release|x64
		{0315C28D-BC3E-4F48-8A5C-87ABADAE12B2}.Debug|Win32.Build.0 = Release|x64
		{0315C28D-BC3E-4F48-8A5C-87ABADAE12B2}.Debug|x64.ActiveCfg = Debug|x64
		{0315C28D-BC3E-4F48-8A5C-87ABADAE12B2}.Debug|x64.Build.0 = Debug|x64
		{0315C28D-BC3E-4F48-8A5C-87ABADAE12B2}.Release|Mixed Platforms.ActiveCfg = Release|x64
		{0315C28D-BC3E-4F48-8A5C-87ABADAE12B2}.Release|Mixed Platforms.Build.0 = Release|x64
		{0315C28D-BC3E-4F48-8A5C-87ABADAE12B2}.Release|Win32.ActiveCfg = Release|x64
		{0315C28D-BC3E-4F48-8A5C-87ABADAE12B2}.Release|Win32.Build.0 = Release|x64
		{0315C28D-BC3E-4F48-8A5C-87ABADAE12B2}.Release|x64.ActiveCfg = Release|x64
		{0315C28D-BC3E-4F48-8A5C-87ABADAE12B2}.Release|x64.Build.0 = Release|x64
		{E82182FF-0BDF-4EFC-9076-C14B96CFE7CC}.Debug|Mixed Platforms.ActiveCfg = Release|x64
		{E82182FF-0BDF-4EFC-9076-C14B96CFE7CC}.Debug|Mixed Platforms.Build.0 = Release|x64
		{E82182FF-0BDF-4EFC-9076-C14B96CFE7CC}.Debug|Win32.ActiveCfg = Release|x64
		{E82182FF-0BDF-4EFC-9076-C14B96CFE7CC}.Debug|Win32.Build.0 = Release|x64
		{E82182FF-0BDF-4EFC-9076-C14B96CFE7CC}.Debug|x64.ActiveCfg = Debug|x64
		{E82182FF-0BDF-4EFC-9076-C14B96CFE7CC}.Debug|x64.Build.0 = Debug|x64
		{E82182FF-0BDF-4EFC-9076-C14B96CFE7CC}.Release|Mixed Platforms.ActiveCfg = Release|x64
		{E82182FF-0BDF-4EFC-9076-C14B96CFE7CC}.Release|Mixed Platforms.Build.0 = Release|x64
		{E82182FF-0BDF-4EFC-9076-C14B96CFE7CC}.Release|Win32.ActiveCfg = Release|x64
		{E82182FF-0BDF-4EFC-9076-C14B96CFE7CC}.Release|Win32.Build.0 = Release|x64
		{E82182FF-0BDF-4EFC-9076-C14B96CFE7CC}.Release|x64.ActiveCfg = Release|x64
		{E82182FF-0BDF-4EFC-9076-C14B96CFE7CC}.Release|x64.Build.0 = Release|x64
		{B103C275-9A17-4A90-9631-5186717AC945}.Debug|Mixed Platforms.ActiveCfg = Release|x64
		{B103C275-9A17-4A90-9631-5186717AC945}.Debug|Mixed Platforms.Build.0 = Release|x64
		{B103C275-9A17-4A90-9631-5186717AC945}.Debug|Win32.ActiveCfg = Release|x64
		{B103C275-9A17-4A90-9631-5186717AC945}.Debug|Win32.Build.0 = Release|x64
		{B103C275-9A17-4A90-9631-5186717AC945}.Debug|x64.ActiveCfg = Debug|x64
		{B103C275-9A17-4A90-9631-5186717AC945}.Debug|x64.Build.0 = Debug|x64
		{B103C275-9A17-4A90-9631-5186717AC945}.Release|Mixed Platforms.ActiveCfg = Release|x64
		{B103C275-9A17-4A90-9631-5186717AC945}.Release|Mixed Platforms.Build.0 = Release|x64
		{B103C275-9A17-4A90-9631-5186717AC945}.Release|Win32.ActiveCfg = Release|x64
		{B103C275-9A17-4A90-9631-5186717AC945}.Release|Win32.Build.0 = Release|x64
		{B103C275-9A17-4A90-9631-5186717AC945}.Release|x64.ActiveCfg = Release|x64
		{B103C275-9A17-4A90-9631-5186717AC945}.Release|x64.Build.0 = Release|x64
		{B12702AD-ABFB-343A-A199-8E24837244A3}.Debug|Mixed Platforms.ActiveCfg = Debug|Win32
		{B12702AD-ABFB-343A-A199-8E24837244A3}.Debug|Mixed Platforms.Build.0 = Debug|Win32
		{B12702AD-ABFB-343A-A199-8E24837244A3}.Debug|Win32.ActiveCfg = Debug|Win32
		{B12702AD-ABFB-343A-A199-8E24837244A3}.Debug|Win32.Build.0 = Debug|Win32
		{B12702AD-ABFB-343A-A199-8E24837244A3}.Debug|x64.ActiveCfg = Debug|x64
		{B12702AD-ABFB-343A-A199-8E24837244A3}.Debug|x64.Build.0 = Debug|x64
		{B12702AD-ABFB-343A-A199-8E24837244A3}.Release|Mixed Platforms.ActiveCfg = Release|Win32
		{B12702AD-ABFB-343A-A199-8E24837244A3}.Release|Mixed Platforms.Build.0 = Release|Win32
		{B12702AD-ABFB-343A-A199-8E24837244A3}.Release|Win32.ActiveCfg = Release|Win32
		{B12702AD-ABFB-343A-A199-8E24837244A3}.Release|Win32.Build.0 = Release|Win32
		{B12702AD-ABFB-343A-A199-8E24837244A3}.Release|x64.ActiveCfg = Release|x64
		{B12702AD-ABFB-343A-A199-8E24837244A3}.Release|x64.Build.0 = Release|x64
	EndGlobalSection
	GlobalSection(SolutionProperties) = preSolution
		HideSolutionNode = FALSE
	EndGlobalSection
EndGlobal
